
Microsoft Visual Studio Solution File, Format Version 12.00
# Visual Studio 15
VisualStudioVersion = 15.0.27130.2026
MinimumVisualStudioVersion = 10.0.40219.1
Project("{FAE04EC0-301F-11D3-BF4B-00C04F79EFBC}") = "UserControlWPF", "UserControlWPF\UserControlWPF.csproj", "{0DD561AD-7B26-4B89-8674-23DDB8D54C01}"
EndProject
Project("{FAE04EC0-301F-11D3-BF4B-00C04F79EFBC}") = "WpfControlLibraryRaf", "WpfControlLibraryRaf\WpfControlLibraryRaf.csproj", "{826A4661-A6D2-436F-9E6A-48D991CEB7B1}"
EndProject
Global
	GlobalSection(SolutionConfigurationPlatforms) = preSolution
		Debug|Any CPU = Debug|Any CPU
		Release|Any CPU = Release|Any CPU
	EndGlobalSection
	GlobalSection(ProjectConfigurationPlatforms) = postSolution
		{0DD561AD-7B26-4B89-8674-23DDB8D54C01}.Debug|Any CPU.ActiveCfg = Debug|Any CPU
		{0DD561AD-7B26-4B89-8674-23DDB8D54C01}.Debug|Any CPU.Build.0 = Debug|Any CPU
		{0DD561AD-7B26-4B89-8674-23DDB8D54C01}.Release|Any CPU.ActiveCfg = Release|Any CPU
		{0DD561AD-7B26-4B89-8674-23DDB8D54C01}.Release|Any CPU.Build.0 = Release|Any CPU
		{826A4661-A6D2-436F-9E6A-48D991CEB7B1}.Debug|Any CPU.ActiveCfg = Debug|Any CPU
		{826A4661-A6D2-436F-9E6A-48D991CEB7B1}.Debug|Any CPU.Build.0 = Debug|Any CPU
		{826A4661-A6D2-436F-9E6A-48D991CEB7B1}.Release|Any CPU.ActiveCfg = Release|Any CPU
		{826A4661-A6D2-436F-9E6A-48D991CEB7B1}.Release|Any CPU.Build.0 = Release|Any CPU
	EndGlobalSection
	GlobalSection(SolutionProperties) = preSolution
		HideSolutionNode = FALSE
	EndGlobalSection
	GlobalSection(ExtensibilityGlobals) = postSolution
		SolutionGuid = {855C735E-2AED-486E-8C63-E24CA1996F62}
	EndGlobalSection
EndGlobal
